
Microsoft Visual Studio Solution File, Format Version 12.00
# Visual Studio Version 17
VisualStudioVersion = 17.5.2.0
MinimumVisualStudioVersion = 10.0.40219.1
Project("{FAE04EC0-301F-11D3-BF4B-00C04F79EFBC}") = "EricGameLauncher", "EricGameLauncher.csproj", "{F31679DE-D130-CBA4-24EE-84AFC30C5E70}"
EndProject
Project("{2150E333-8FDC-42A3-9474-1A3956D46DE8}") = "Updater", "Updater", "{E4D06EF3-4A34-0221-57B6-390073E3859C}"
EndProject
Global
	GlobalSection(SolutionConfigurationPlatforms) = preSolution
		Debug|Any CPU = Debug|Any CPU
		Debug|x64 = Debug|x64
		Release|Any CPU = Release|Any CPU
		Release|x64 = Release|x64
	EndGlobalSection
	GlobalSection(ProjectConfigurationPlatforms) = postSolution
		{F31679DE-D130-CBA4-24EE-84AFC30C5E70}.Debug|Any CPU.ActiveCfg = Debug|Any CPU
		{F31679DE-D130-CBA4-24EE-84AFC30C5E70}.Debug|Any CPU.Build.0 = Debug|Any CPU
		{F31679DE-D130-CBA4-24EE-84AFC30C5E70}.Debug|x64.ActiveCfg = Debug|Any CPU
		{F31679DE-D130-CBA4-24EE-84AFC30C5E70}.Debug|x64.Build.0 = Debug|Any CPU
		{F31679DE-D130-CBA4-24EE-84AFC30C5E70}.Release|Any CPU.ActiveCfg = Release|Any CPU
		{F31679DE-D130-CBA4-24EE-84AFC30C5E70}.Release|Any CPU.Build.0 = Release|Any CPU
		{F31679DE-D130-CBA4-24EE-84AFC30C5E70}.Release|x64.ActiveCfg = Release|Any CPU
		{F31679DE-D130-CBA4-24EE-84AFC30C5E70}.Release|x64.Build.0 = Release|Any CPU
	EndGlobalSection
	GlobalSection(SolutionProperties) = preSolution
		HideSolutionNode = FALSE
	EndGlobalSection
	GlobalSection(ExtensibilityGlobals) = postSolution
		SolutionGuid = {18038A6F-D1A8-4AE8-9C2B-1F0A57314F1C}
	EndGlobalSection
EndGlobal
